
Microsoft Visual Studio Solution File, Format Version 12.00
# Visual Studio Version 17
VisualStudioVersion = 17.9.34902.65
MinimumVisualStudioVersion = 10.0.40219.1
Project("{FAE04EC0-301F-11D3-BF4B-00C04F79EFBC}") = "OOP_1", "OOP_1\OOP_1.csproj", "{82BCFFCB-9DCF-4A44-9A25-0687D5BF05F2}"
EndProject
Global
	GlobalSection(SolutionConfigurationPlatforms) = preSolution
		Debug|Any CPU = Debug|Any CPU
		Release|Any CPU = Release|Any CPU
	EndGlobalSection
	GlobalSection(ProjectConfigurationPlatforms) = postSolution
		{82BCFFCB-9DCF-4A44-9A25-0687D5BF05F2}.Debug|Any CPU.ActiveCfg = Debug|Any CPU
		{82BCFFCB-9DCF-4A44-9A25-0687D5BF05F2}.Debug|Any CPU.Build.0 = Debug|Any CPU
		{82BCFFCB-9DCF-4A44-9A25-0687D5BF05F2}.Release|Any CPU.ActiveCfg = Release|Any CPU
		{82BCFFCB-9DCF-4A44-9A25-0687D5BF05F2}.Release|Any CPU.Build.0 = Release|Any CPU
	EndGlobalSection
	GlobalSection(SolutionProperties) = preSolution
		HideSolutionNode = FALSE
	EndGlobalSection
	GlobalSection(ExtensibilityGlobals) = postSolution
		SolutionGuid = {E3425E86-D50F-414F-980A-E592A6EF36FB}
	EndGlobalSection
EndGlobal
